<?xml version="1.0" encoding="utf-8"?>
<Project ToolsVersion="4.0" xmlns="http://schemas.microsoft.com/developer/msbuild/2003">
  <ItemGroup>
    <Filter Include="include">
      <UniqueIdentifier>{b8022c84-705e-426d-9c7b-5a9812a64358}</UniqueIdentifier>
    </Filter>
    <Filter Include="src">
      <UniqueIdentifier>{a36f11e9-4078-40c0-a8cd-37f003e635c5}</UniqueIdentifier>
    </Filter>
  </ItemGroup>
  <ItemGroup>
    <ClInclude Include="..\..\include\local.h">
      <Filter>include</Filter>
    </ClInclude>
    <ClInclude Include="..\..\include\raycast.h">
      <Filter>include</Filter>
    </ClInclude>
  </ItemGroup>
  <ItemGroup>
    <ClCompile Include="..\..\src\sphere.c">
      <Filter>src</Filter>
    </ClCompile>
  </ItemGroup>
</Project>